
Microsoft Visual Studio Solution File, Format Version 12.00
# Visual Studio 15
VisualStudioVersion = 15.0.27130.2027
MinimumVisualStudioVersion = 10.0.40219.1
Project("{8BC9CEB8-8B4A-11D0-8D11-00A0C91BC942}") = "DataType.c", "DataType.c.vcxproj", "{D2B1580B-1668-444B-8AD6-7A5A42F394E7}"
EndProject
Global
	GlobalSection(SolutionConfigurationPlatforms) = preSolution
		Debug|x64 = Debug|x64
		Debug|x86 = Debug|x86
		Release|x64 = Release|x64
		Release|x86 = Release|x86
	EndGlobalSection
	GlobalSection(ProjectConfigurationPlatforms) = postSolution
		{D2B1580B-1668-444B-8AD6-7A5A42F394E7}.Debug|x64.ActiveCfg = Debug|x64
		{D2B1580B-1668-444B-8AD6-7A5A42F394E7}.Debug|x64.Build.0 = Debug|x64
		{D2B1580B-1668-444B-8AD6-7A5A42F394E7}.Debug|x86.ActiveCfg = Debug|Win32
		{D2B1580B-1668-444B-8AD6-7A5A42F394E7}.Debug|x86.Build.0 = Debug|Win32
		{D2B1580B-1668-444B-8AD6-7A5A42F394E7}.Release|x64.ActiveCfg = Release|x64
		{D2B1580B-1668-444B-8AD6-7A5A42F394E7}.Release|x64.Build.0 = Release|x64
		{D2B1580B-1668-444B-8AD6-7A5A42F394E7}.Release|x86.ActiveCfg = Release|Win32
		{D2B1580B-1668-444B-8AD6-7A5A42F394E7}.Release|x86.Build.0 = Release|Win32
	EndGlobalSection
	GlobalSection(SolutionProperties) = preSolution
		HideSolutionNode = FALSE
	EndGlobalSection
	GlobalSection(ExtensibilityGlobals) = postSolution
		SolutionGuid = {88EF1B8F-E6DC-4B6A-A7A4-E1AFB12387A9}
	EndGlobalSection
EndGlobal
